{
  "pins" : [
    {
      "identity" : "refds-core",
      "kind" : "remoteSourceControl",
      "location" : "https://github.com/rafaelesantos/refds-core.git",
      "state" : {
        "branch" : "main",
        "revision" : "5ef7fac6772964b1c0d3d285fc2586e8995dacb9"
      }
    }
  ],
  "version" : 2
}
